{
  "pins" : [
    {
      "identity" : "cleanroomlogger",
      "kind" : "remoteSourceControl",
      "location" : "https://github.com/kiranmadhav/CleanroomLogger",
      "state" : {
        "revision" : "d732baead85b77471505daf290212700b9d87a05",
        "version" : "1.0.0"
      }
    },
    {
      "identity" : "gcdwebserver",
      "kind" : "remoteSourceControl",
      "location" : "https://github.com/kiranmadhav/GCDWebServer",
      "state" : {
        "revision" : "935e2736044e71e5341663c3cc9a335ba6867a2b",
        "version" : "4.0.0"
      }
    },
    {
      "identity" : "promisekit",
      "kind" : "remoteSourceControl",
      "location" : "https://github.com/mxcl/PromiseKit",
      "state" : {
        "revision" : "2fdb8c64a85e2081388532dbc61eb348a0793b1c",
        "version" : "6.10.0"
      }
    }
  ],
  "version" : 2
}
